
Microsoft Visual Studio Solution File, Format Version 12.00
# Visual Studio 14
VisualStudioVersion = 14.0.25420.1
MinimumVisualStudioVersion = 10.0.40219.1
Project("{2150E333-8FDC-42A3-9474-1A3956D46DE8}") = "src", "src", "{6CB94D9A-C493-4177-822E-26D278DE6C06}"
EndProject
Project("{2150E333-8FDC-42A3-9474-1A3956D46DE8}") = "Solution Items", "Solution Items", "{53185BDB-33D3-4759-BB6D-A010C20218FB}"
	ProjectSection(SolutionItems) = preProject
		global.json = global.json
	EndProjectSection
EndProject
Project("{8BB2217D-0F2D-49D1-97BC-3654ED321F3B}") = "School", "src\School\School.xproj", "{8A651B55-2D2E-4F12-B4EF-0041394F4A25}"
EndProject
Global
	GlobalSection(SolutionConfigurationPlatforms) = preSolution
		Debug|Any CPU = Debug|Any CPU
		Release|Any CPU = Release|Any CPU
	EndGlobalSection
	GlobalSection(ProjectConfigurationPlatforms) = postSolution
		{8A651B55-2D2E-4F12-B4EF-0041394F4A25}.Debug|Any CPU.ActiveCfg = Debug|Any CPU
		{8A651B55-2D2E-4F12-B4EF-0041394F4A25}.Debug|Any CPU.Build.0 = Debug|Any CPU
		{8A651B55-2D2E-4F12-B4EF-0041394F4A25}.Release|Any CPU.ActiveCfg = Release|Any CPU
		{8A651B55-2D2E-4F12-B4EF-0041394F4A25}.Release|Any CPU.Build.0 = Release|Any CPU
	EndGlobalSection
	GlobalSection(SolutionProperties) = preSolution
		HideSolutionNode = FALSE
	EndGlobalSection
	GlobalSection(NestedProjects) = preSolution
		{8A651B55-2D2E-4F12-B4EF-0041394F4A25} = {6CB94D9A-C493-4177-822E-26D278DE6C06}
	EndGlobalSection
EndGlobal
